
Microsoft Visual Studio Solution File, Format Version 12.00
# Visual Studio Version 17
VisualStudioVersion = 17.9.34902.65
MinimumVisualStudioVersion = 10.0.40219.1
Project("{FAE04EC0-301F-11D3-BF4B-00C04F79EFBC}") = "Module_5.Unit_0", "Module_5.Unit_0\Module_5.Unit_0.csproj", "{001F18C9-3AF0-4F96-AFCD-337857CBFFC2}"
EndProject
Global
	GlobalSection(SolutionConfigurationPlatforms) = preSolution
		Debug|Any CPU = Debug|Any CPU
		Release|Any CPU = Release|Any CPU
	EndGlobalSection
	GlobalSection(ProjectConfigurationPlatforms) = postSolution
		{001F18C9-3AF0-4F96-AFCD-337857CBFFC2}.Debug|Any CPU.ActiveCfg = Debug|Any CPU
		{001F18C9-3AF0-4F96-AFCD-337857CBFFC2}.Debug|Any CPU.Build.0 = Debug|Any CPU
		{001F18C9-3AF0-4F96-AFCD-337857CBFFC2}.Release|Any CPU.ActiveCfg = Release|Any CPU
		{001F18C9-3AF0-4F96-AFCD-337857CBFFC2}.Release|Any CPU.Build.0 = Release|Any CPU
	EndGlobalSection
	GlobalSection(SolutionProperties) = preSolution
		HideSolutionNode = FALSE
	EndGlobalSection
	GlobalSection(ExtensibilityGlobals) = postSolution
		SolutionGuid = {517D93F2-BA9D-497C-A572-9FC20415FA28}
	EndGlobalSection
EndGlobal
